
Microsoft Visual Studio Solution File, Format Version 12.00
Project("{2150E333-8FDC-42A3-9474-1A3956D46DE8}") = "P2", "P2", "{DA211D07-09A9-4B6C-8D6D-108A9442101F}"
EndProject
Project("{2150E333-8FDC-42A3-9474-1A3956D46DE8}") = "P3", "P3", "{2DBFBAD9-1B57-4B87-90F7-59E867FC66F2}"
EndProject
Project("{FAE04EC0-301F-11D3-BF4B-00C04F79EFBC}") = "P3AddNewFunctionalityDotNetCore", "P3\P3AddNewFunctionalityDotNetCore\P3AddNewFunctionalityDotNetCore.csproj", "{38D36116-1EB5-4A30-9BCA-E1305CFA34AD}"
EndProject
Project("{FAE04EC0-301F-11D3-BF4B-00C04F79EFBC}") = "P3AddNewFunctionalityDotNetCore.Tests", "P3\P3AddNewFunctionalityDotNetCore.Tests\P3AddNewFunctionalityDotNetCore.Tests.csproj", "{75D29C40-1651-4A4D-8808-9A455C24F273}"
EndProject
Project("{2150E333-8FDC-42A3-9474-1A3956D46DE8}") = "P5", "P5", "{1299FD16-95D6-4222-B89E-6AFEE0B12D2E}"
EndProject
Project("{FAE04EC0-301F-11D3-BF4B-00C04F79EFBC}") = "P2FixAnAppDotNetCode", "P2\P2FixAnAppDotNetCode\P2FixAnAppDotNetCode.csproj", "{3E36FDFE-9859-497E-BC30-E973EF56DCD6}"
EndProject
Project("{FAE04EC0-301F-11D3-BF4B-00C04F79EFBC}") = "P2FixAnAppDotNetCode.Tests", "P2\P2FixAnAppDotNetCode.Tests\P2FixAnAppDotNetCode.Tests.csproj", "{E302BF18-4E96-4D34-8E5C-F7A6F7D54153}"
EndProject
Project("{FAE04EC0-301F-11D3-BF4B-00C04F79EFBC}") = "The Car Hub", "P5\The Car Hub.csproj", "{46D8CA6E-3F17-4B74-BADD-067D7105EBC0}"
EndProject
Project("{2150E333-8FDC-42A3-9474-1A3956D46DE8}") = "P7", "P7", "{83AC1E77-65B4-400D-A1FB-22B77531E5BE}"
EndProject
Project("{2150E333-8FDC-42A3-9474-1A3956D46DE8}") = "P8", "P8", "{20A8078D-14AA-4FC0-BBE1-F1277785DF3A}"
EndProject
Project("{2150E333-8FDC-42A3-9474-1A3956D46DE8}") = "P10", "P10", "{22336A10-1BEE-4954-96C3-107DEAA84DCD}"
EndProject
Project("{FAE04EC0-301F-11D3-BF4B-00C04F79EFBC}") = "RestAPI", "P7\RestAPI\RestAPI.csproj", "{676F5F71-AF8E-4D60-ABA5-F73612CA7F24}"
EndProject
Project("{FAE04EC0-301F-11D3-BF4B-00C04F79EFBC}") = "RestAPI.Tests", "P7\RestAPI.Tests\RestAPI.Tests.csproj", "{BCB7198B-455A-473C-A8DD-AF50633447AE}"
EndProject
Project("{FAE04EC0-301F-11D3-BF4B-00C04F79EFBC}") = "CalifornianHealth.WebBlazor", "P8\CalifornianHealth.WebBlazor\CalifornianHealth.WebBlazor.csproj", "{A9539227-127E-44A8-8078-EA763EA70120}"
EndProject
Project("{FAE04EC0-301F-11D3-BF4B-00C04F79EFBC}") = "CalifornianHealth.Tests", "P8\CalifornianHealth.Tests\CalifornianHealth.Tests.csproj", "{E2B074EE-81BB-4E43-ADF2-E5E54AFAEDDB}"
EndProject
Project("{FAE04EC0-301F-11D3-BF4B-00C04F79EFBC}") = "CalifornianHealth.Gateway", "P8\CalifornianHealth.Gateway\CalifornianHealth.Gateway.csproj", "{4DD7EC3C-654E-457F-BED3-A2083E614260}"
EndProject
Project("{FAE04EC0-301F-11D3-BF4B-00C04F79EFBC}") = "CalifornianHealth.Demographics", "P8\CalifornianHealth.Demographics\CalifornianHealth.Demographics.csproj", "{F0A7C40F-5B5D-4769-AE18-F8CF46EDFD3E}"
EndProject
Project("{FAE04EC0-301F-11D3-BF4B-00C04F79EFBC}") = "CalifornianHealth.Booking", "P8\CalifornianHealth.Booking\CalifornianHealth.Booking.csproj", "{E344BA93-1C16-4D51-A490-F414F5F8183D}"
EndProject
Project("{FAE04EC0-301F-11D3-BF4B-00C04F79EFBC}") = "PatientHistory.Tests", "P10\tests\PatientHistory.Tests\PatientHistory.Tests.csproj", "{0228878C-3FD9-4783-9AE3-228192023E7D}"
EndProject
Project("{FAE04EC0-301F-11D3-BF4B-00C04F79EFBC}") = "PatientDemographics.Tests", "P10\tests\PatientDemographics.Tests\PatientDemographics.Tests.csproj", "{CBE4C994-766D-4FA7-89F3-A7B324D1455C}"
EndProject
Project("{FAE04EC0-301F-11D3-BF4B-00C04F79EFBC}") = "PatientAssessment.Tests", "P10\tests\PatientAssessment.Tests\PatientAssessment.Tests.csproj", "{05EF7428-8BD6-4016-B06A-4312B27639CA}"
EndProject
Project("{FAE04EC0-301F-11D3-BF4B-00C04F79EFBC}") = "PatientHistory", "P10\src\PatientHistory\PatientHistory.csproj", "{0553A927-DB08-4BAA-9420-90F8A3966B02}"
EndProject
Project("{2150E333-8FDC-42A3-9474-1A3956D46DE8}") = "src", "src", "{857B1284-0932-47E7-9D30-662783354B6E}"
EndProject
Project("{2150E333-8FDC-42A3-9474-1A3956D46DE8}") = "test", "test", "{85682E34-ED0B-4CB0-B150-19E4A70991E2}"
EndProject
Project("{FAE04EC0-301F-11D3-BF4B-00C04F79EFBC}") = "PatientDemographics", "P10\src\PatientDemographics\PatientDemographics.csproj", "{93220AC0-0FD2-4BFA-ACA8-F33014893358}"
EndProject
Project("{FAE04EC0-301F-11D3-BF4B-00C04F79EFBC}") = "PatientAssessment", "P10\src\PatientAssessment\PatientAssessment.csproj", "{B35D265D-58C4-45C5-A70B-64F2BCB50993}"
EndProject
Project("{FAE04EC0-301F-11D3-BF4B-00C04F79EFBC}") = "BlazorPatient", "P10\src\BlazorPatient\BlazorPatient.csproj", "{06601435-272B-49F0-8262-CB9F47EC5078}"
EndProject
Global
	GlobalSection(SolutionConfigurationPlatforms) = preSolution
		Debug|Any CPU = Debug|Any CPU
		Release|Any CPU = Release|Any CPU
	EndGlobalSection
	GlobalSection(ProjectConfigurationPlatforms) = postSolution
		{38D36116-1EB5-4A30-9BCA-E1305CFA34AD}.Debug|Any CPU.ActiveCfg = Debug|Any CPU
		{38D36116-1EB5-4A30-9BCA-E1305CFA34AD}.Debug|Any CPU.Build.0 = Debug|Any CPU
		{38D36116-1EB5-4A30-9BCA-E1305CFA34AD}.Release|Any CPU.ActiveCfg = Release|Any CPU
		{38D36116-1EB5-4A30-9BCA-E1305CFA34AD}.Release|Any CPU.Build.0 = Release|Any CPU
		{75D29C40-1651-4A4D-8808-9A455C24F273}.Debug|Any CPU.ActiveCfg = Debug|Any CPU
		{75D29C40-1651-4A4D-8808-9A455C24F273}.Debug|Any CPU.Build.0 = Debug|Any CPU
		{75D29C40-1651-4A4D-8808-9A455C24F273}.Release|Any CPU.ActiveCfg = Release|Any CPU
		{75D29C40-1651-4A4D-8808-9A455C24F273}.Release|Any CPU.Build.0 = Release|Any CPU
		{3E36FDFE-9859-497E-BC30-E973EF56DCD6}.Debug|Any CPU.ActiveCfg = Debug|Any CPU
		{3E36FDFE-9859-497E-BC30-E973EF56DCD6}.Debug|Any CPU.Build.0 = Debug|Any CPU
		{3E36FDFE-9859-497E-BC30-E973EF56DCD6}.Release|Any CPU.ActiveCfg = Release|Any CPU
		{3E36FDFE-9859-497E-BC30-E973EF56DCD6}.Release|Any CPU.Build.0 = Release|Any CPU
		{E302BF18-4E96-4D34-8E5C-F7A6F7D54153}.Debug|Any CPU.ActiveCfg = Debug|Any CPU
		{E302BF18-4E96-4D34-8E5C-F7A6F7D54153}.Debug|Any CPU.Build.0 = Debug|Any CPU
		{E302BF18-4E96-4D34-8E5C-F7A6F7D54153}.Release|Any CPU.ActiveCfg = Release|Any CPU
		{E302BF18-4E96-4D34-8E5C-F7A6F7D54153}.Release|Any CPU.Build.0 = Release|Any CPU
		{46D8CA6E-3F17-4B74-BADD-067D7105EBC0}.Debug|Any CPU.ActiveCfg = Debug|Any CPU
		{46D8CA6E-3F17-4B74-BADD-067D7105EBC0}.Debug|Any CPU.Build.0 = Debug|Any CPU
		{46D8CA6E-3F17-4B74-BADD-067D7105EBC0}.Release|Any CPU.ActiveCfg = Release|Any CPU
		{46D8CA6E-3F17-4B74-BADD-067D7105EBC0}.Release|Any CPU.Build.0 = Release|Any CPU
		{676F5F71-AF8E-4D60-ABA5-F73612CA7F24}.Debug|Any CPU.ActiveCfg = Debug|Any CPU
		{676F5F71-AF8E-4D60-ABA5-F73612CA7F24}.Debug|Any CPU.Build.0 = Debug|Any CPU
		{676F5F71-AF8E-4D60-ABA5-F73612CA7F24}.Release|Any CPU.ActiveCfg = Release|Any CPU
		{676F5F71-AF8E-4D60-ABA5-F73612CA7F24}.Release|Any CPU.Build.0 = Release|Any CPU
		{BCB7198B-455A-473C-A8DD-AF50633447AE}.Debug|Any CPU.ActiveCfg = Debug|Any CPU
		{BCB7198B-455A-473C-A8DD-AF50633447AE}.Debug|Any CPU.Build.0 = Debug|Any CPU
		{BCB7198B-455A-473C-A8DD-AF50633447AE}.Release|Any CPU.ActiveCfg = Release|Any CPU
		{BCB7198B-455A-473C-A8DD-AF50633447AE}.Release|Any CPU.Build.0 = Release|Any CPU
		{A9539227-127E-44A8-8078-EA763EA70120}.Debug|Any CPU.ActiveCfg = Debug|Any CPU
		{A9539227-127E-44A8-8078-EA763EA70120}.Debug|Any CPU.Build.0 = Debug|Any CPU
		{A9539227-127E-44A8-8078-EA763EA70120}.Release|Any CPU.ActiveCfg = Release|Any CPU
		{A9539227-127E-44A8-8078-EA763EA70120}.Release|Any CPU.Build.0 = Release|Any CPU
		{E2B074EE-81BB-4E43-ADF2-E5E54AFAEDDB}.Debug|Any CPU.ActiveCfg = Debug|Any CPU
		{E2B074EE-81BB-4E43-ADF2-E5E54AFAEDDB}.Debug|Any CPU.Build.0 = Debug|Any CPU
		{E2B074EE-81BB-4E43-ADF2-E5E54AFAEDDB}.Release|Any CPU.ActiveCfg = Release|Any CPU
		{E2B074EE-81BB-4E43-ADF2-E5E54AFAEDDB}.Release|Any CPU.Build.0 = Release|Any CPU
		{4DD7EC3C-654E-457F-BED3-A2083E614260}.Debug|Any CPU.ActiveCfg = Debug|Any CPU
		{4DD7EC3C-654E-457F-BED3-A2083E614260}.Debug|Any CPU.Build.0 = Debug|Any CPU
		{4DD7EC3C-654E-457F-BED3-A2083E614260}.Release|Any CPU.ActiveCfg = Release|Any CPU
		{4DD7EC3C-654E-457F-BED3-A2083E614260}.Release|Any CPU.Build.0 = Release|Any CPU
		{F0A7C40F-5B5D-4769-AE18-F8CF46EDFD3E}.Debug|Any CPU.ActiveCfg = Debug|Any CPU
		{F0A7C40F-5B5D-4769-AE18-F8CF46EDFD3E}.Debug|Any CPU.Build.0 = Debug|Any CPU
		{F0A7C40F-5B5D-4769-AE18-F8CF46EDFD3E}.Release|Any CPU.ActiveCfg = Release|Any CPU
		{F0A7C40F-5B5D-4769-AE18-F8CF46EDFD3E}.Release|Any CPU.Build.0 = Release|Any CPU
		{E344BA93-1C16-4D51-A490-F414F5F8183D}.Debug|Any CPU.ActiveCfg = Debug|Any CPU
		{E344BA93-1C16-4D51-A490-F414F5F8183D}.Debug|Any CPU.Build.0 = Debug|Any CPU
		{E344BA93-1C16-4D51-A490-F414F5F8183D}.Release|Any CPU.ActiveCfg = Release|Any CPU
		{E344BA93-1C16-4D51-A490-F414F5F8183D}.Release|Any CPU.Build.0 = Release|Any CPU
		{0228878C-3FD9-4783-9AE3-228192023E7D}.Debug|Any CPU.ActiveCfg = Debug|Any CPU
		{0228878C-3FD9-4783-9AE3-228192023E7D}.Debug|Any CPU.Build.0 = Debug|Any CPU
		{0228878C-3FD9-4783-9AE3-228192023E7D}.Release|Any CPU.ActiveCfg = Release|Any CPU
		{0228878C-3FD9-4783-9AE3-228192023E7D}.Release|Any CPU.Build.0 = Release|Any CPU
		{CBE4C994-766D-4FA7-89F3-A7B324D1455C}.Debug|Any CPU.ActiveCfg = Debug|Any CPU
		{CBE4C994-766D-4FA7-89F3-A7B324D1455C}.Debug|Any CPU.Build.0 = Debug|Any CPU
		{CBE4C994-766D-4FA7-89F3-A7B324D1455C}.Release|Any CPU.ActiveCfg = Release|Any CPU
		{CBE4C994-766D-4FA7-89F3-A7B324D1455C}.Release|Any CPU.Build.0 = Release|Any CPU
		{05EF7428-8BD6-4016-B06A-4312B27639CA}.Debug|Any CPU.ActiveCfg = Debug|Any CPU
		{05EF7428-8BD6-4016-B06A-4312B27639CA}.Debug|Any CPU.Build.0 = Debug|Any CPU
		{05EF7428-8BD6-4016-B06A-4312B27639CA}.Release|Any CPU.ActiveCfg = Release|Any CPU
		{05EF7428-8BD6-4016-B06A-4312B27639CA}.Release|Any CPU.Build.0 = Release|Any CPU
		{0553A927-DB08-4BAA-9420-90F8A3966B02}.Debug|Any CPU.ActiveCfg = Debug|Any CPU
		{0553A927-DB08-4BAA-9420-90F8A3966B02}.Debug|Any CPU.Build.0 = Debug|Any CPU
		{0553A927-DB08-4BAA-9420-90F8A3966B02}.Release|Any CPU.ActiveCfg = Release|Any CPU
		{0553A927-DB08-4BAA-9420-90F8A3966B02}.Release|Any CPU.Build.0 = Release|Any CPU
		{93220AC0-0FD2-4BFA-ACA8-F33014893358}.Debug|Any CPU.ActiveCfg = Debug|Any CPU
		{93220AC0-0FD2-4BFA-ACA8-F33014893358}.Debug|Any CPU.Build.0 = Debug|Any CPU
		{93220AC0-0FD2-4BFA-ACA8-F33014893358}.Release|Any CPU.ActiveCfg = Release|Any CPU
		{93220AC0-0FD2-4BFA-ACA8-F33014893358}.Release|Any CPU.Build.0 = Release|Any CPU
		{B35D265D-58C4-45C5-A70B-64F2BCB50993}.Debug|Any CPU.ActiveCfg = Debug|Any CPU
		{B35D265D-58C4-45C5-A70B-64F2BCB50993}.Debug|Any CPU.Build.0 = Debug|Any CPU
		{B35D265D-58C4-45C5-A70B-64F2BCB50993}.Release|Any CPU.ActiveCfg = Release|Any CPU
		{B35D265D-58C4-45C5-A70B-64F2BCB50993}.Release|Any CPU.Build.0 = Release|Any CPU
		{06601435-272B-49F0-8262-CB9F47EC5078}.Debug|Any CPU.ActiveCfg = Debug|Any CPU
		{06601435-272B-49F0-8262-CB9F47EC5078}.Debug|Any CPU.Build.0 = Debug|Any CPU
		{06601435-272B-49F0-8262-CB9F47EC5078}.Release|Any CPU.ActiveCfg = Release|Any CPU
		{06601435-272B-49F0-8262-CB9F47EC5078}.Release|Any CPU.Build.0 = Release|Any CPU
	EndGlobalSection
	GlobalSection(NestedProjects) = preSolution
		{38D36116-1EB5-4A30-9BCA-E1305CFA34AD} = {2DBFBAD9-1B57-4B87-90F7-59E867FC66F2}
		{75D29C40-1651-4A4D-8808-9A455C24F273} = {2DBFBAD9-1B57-4B87-90F7-59E867FC66F2}
		{3E36FDFE-9859-497E-BC30-E973EF56DCD6} = {DA211D07-09A9-4B6C-8D6D-108A9442101F}
		{E302BF18-4E96-4D34-8E5C-F7A6F7D54153} = {DA211D07-09A9-4B6C-8D6D-108A9442101F}
		{46D8CA6E-3F17-4B74-BADD-067D7105EBC0} = {1299FD16-95D6-4222-B89E-6AFEE0B12D2E}
		{676F5F71-AF8E-4D60-ABA5-F73612CA7F24} = {83AC1E77-65B4-400D-A1FB-22B77531E5BE}
		{BCB7198B-455A-473C-A8DD-AF50633447AE} = {83AC1E77-65B4-400D-A1FB-22B77531E5BE}
		{A9539227-127E-44A8-8078-EA763EA70120} = {20A8078D-14AA-4FC0-BBE1-F1277785DF3A}
		{E2B074EE-81BB-4E43-ADF2-E5E54AFAEDDB} = {20A8078D-14AA-4FC0-BBE1-F1277785DF3A}
		{4DD7EC3C-654E-457F-BED3-A2083E614260} = {20A8078D-14AA-4FC0-BBE1-F1277785DF3A}
		{F0A7C40F-5B5D-4769-AE18-F8CF46EDFD3E} = {20A8078D-14AA-4FC0-BBE1-F1277785DF3A}
		{E344BA93-1C16-4D51-A490-F414F5F8183D} = {20A8078D-14AA-4FC0-BBE1-F1277785DF3A}
		{857B1284-0932-47E7-9D30-662783354B6E} = {22336A10-1BEE-4954-96C3-107DEAA84DCD}
		{0553A927-DB08-4BAA-9420-90F8A3966B02} = {857B1284-0932-47E7-9D30-662783354B6E}
		{85682E34-ED0B-4CB0-B150-19E4A70991E2} = {22336A10-1BEE-4954-96C3-107DEAA84DCD}
		{05EF7428-8BD6-4016-B06A-4312B27639CA} = {85682E34-ED0B-4CB0-B150-19E4A70991E2}
		{CBE4C994-766D-4FA7-89F3-A7B324D1455C} = {85682E34-ED0B-4CB0-B150-19E4A70991E2}
		{0228878C-3FD9-4783-9AE3-228192023E7D} = {85682E34-ED0B-4CB0-B150-19E4A70991E2}
		{93220AC0-0FD2-4BFA-ACA8-F33014893358} = {857B1284-0932-47E7-9D30-662783354B6E}
		{B35D265D-58C4-45C5-A70B-64F2BCB50993} = {857B1284-0932-47E7-9D30-662783354B6E}
		{06601435-272B-49F0-8262-CB9F47EC5078} = {857B1284-0932-47E7-9D30-662783354B6E}
	EndGlobalSection
EndGlobal
