
Microsoft Visual Studio Solution File, Format Version 12.00
# Visual Studio Version 16
VisualStudioVersion = 16.0.30804.86
MinimumVisualStudioVersion = 15.0.26124.0
Project("{9A19103F-16F7-4668-BE54-9A1E7A4F7556}") = "RestAPI", "RestAPI\RestAPI.csproj", "{43A2CA35-2F5B-4DFD-A3CB-842A7E38B67E}"
EndProject
Project("{FAE04EC0-301F-11D3-BF4B-00C04F79EFBC}") = "RestAPI.Tests", "RestAPI.Tests\RestAPI.Tests.csproj", "{C0AFF44D-24FD-43E2-B673-92C8D8623350}"
EndProject
Global
	GlobalSection(SolutionConfigurationPlatforms) = preSolution
		Debug|Any CPU = Debug|Any CPU
		Debug|x64 = Debug|x64
		Debug|x86 = Debug|x86
		Release|Any CPU = Release|Any CPU
		Release|x64 = Release|x64
		Release|x86 = Release|x86
	EndGlobalSection
	GlobalSection(ProjectConfigurationPlatforms) = postSolution
		{43A2CA35-2F5B-4DFD-A3CB-842A7E38B67E}.Debug|Any CPU.ActiveCfg = Debug|Any CPU
		{43A2CA35-2F5B-4DFD-A3CB-842A7E38B67E}.Debug|Any CPU.Build.0 = Debug|Any CPU
		{43A2CA35-2F5B-4DFD-A3CB-842A7E38B67E}.Debug|x64.ActiveCfg = Debug|Any CPU
		{43A2CA35-2F5B-4DFD-A3CB-842A7E38B67E}.Debug|x64.Build.0 = Debug|Any CPU
		{43A2CA35-2F5B-4DFD-A3CB-842A7E38B67E}.Debug|x86.ActiveCfg = Debug|Any CPU
		{43A2CA35-2F5B-4DFD-A3CB-842A7E38B67E}.Debug|x86.Build.0 = Debug|Any CPU
		{43A2CA35-2F5B-4DFD-A3CB-842A7E38B67E}.Release|Any CPU.ActiveCfg = Release|Any CPU
		{43A2CA35-2F5B-4DFD-A3CB-842A7E38B67E}.Release|Any CPU.Build.0 = Release|Any CPU
		{43A2CA35-2F5B-4DFD-A3CB-842A7E38B67E}.Release|x64.ActiveCfg = Release|Any CPU
		{43A2CA35-2F5B-4DFD-A3CB-842A7E38B67E}.Release|x64.Build.0 = Release|Any CPU
		{43A2CA35-2F5B-4DFD-A3CB-842A7E38B67E}.Release|x86.ActiveCfg = Release|Any CPU
		{43A2CA35-2F5B-4DFD-A3CB-842A7E38B67E}.Release|x86.Build.0 = Release|Any CPU
		{C0AFF44D-24FD-43E2-B673-92C8D8623350}.Debug|Any CPU.ActiveCfg = Debug|Any CPU
		{C0AFF44D-24FD-43E2-B673-92C8D8623350}.Debug|Any CPU.Build.0 = Debug|Any CPU
		{C0AFF44D-24FD-43E2-B673-92C8D8623350}.Debug|x64.ActiveCfg = Debug|Any CPU
		{C0AFF44D-24FD-43E2-B673-92C8D8623350}.Debug|x64.Build.0 = Debug|Any CPU
		{C0AFF44D-24FD-43E2-B673-92C8D8623350}.Debug|x86.ActiveCfg = Debug|Any CPU
		{C0AFF44D-24FD-43E2-B673-92C8D8623350}.Debug|x86.Build.0 = Debug|Any CPU
		{C0AFF44D-24FD-43E2-B673-92C8D8623350}.Release|Any CPU.ActiveCfg = Release|Any CPU
		{C0AFF44D-24FD-43E2-B673-92C8D8623350}.Release|Any CPU.Build.0 = Release|Any CPU
		{C0AFF44D-24FD-43E2-B673-92C8D8623350}.Release|x64.ActiveCfg = Release|Any CPU
		{C0AFF44D-24FD-43E2-B673-92C8D8623350}.Release|x64.Build.0 = Release|Any CPU
		{C0AFF44D-24FD-43E2-B673-92C8D8623350}.Release|x86.ActiveCfg = Release|Any CPU
		{C0AFF44D-24FD-43E2-B673-92C8D8623350}.Release|x86.Build.0 = Release|Any CPU
	EndGlobalSection
	GlobalSection(SolutionProperties) = preSolution
		HideSolutionNode = FALSE
	EndGlobalSection
	GlobalSection(ExtensibilityGlobals) = postSolution
		SolutionGuid = {FCB13DEE-F51F-44E7-812D-579EAC61CC61}
	EndGlobalSection
EndGlobal
