
Microsoft Visual Studio Solution File, Format Version 12.00
# Visual Studio Version 16
VisualStudioVersion = 16.0.30204.135
MinimumVisualStudioVersion = 10.0.40219.1
Project("{9A19103F-16F7-4668-BE54-9A1E7A4F7556}") = "The Car Hub", "The Car Hub.csproj", "{14000334-FEA6-4442-8A1D-9A464642C5E0}"
EndProject
Global
	GlobalSection(SolutionConfigurationPlatforms) = preSolution
		Debug|Any CPU = Debug|Any CPU
		Release|Any CPU = Release|Any CPU
	EndGlobalSection
	GlobalSection(ProjectConfigurationPlatforms) = postSolution
		{14000334-FEA6-4442-8A1D-9A464642C5E0}.Debug|Any CPU.ActiveCfg = Debug|Any CPU
		{14000334-FEA6-4442-8A1D-9A464642C5E0}.Debug|Any CPU.Build.0 = Debug|Any CPU
		{14000334-FEA6-4442-8A1D-9A464642C5E0}.Release|Any CPU.ActiveCfg = Release|Any CPU
		{14000334-FEA6-4442-8A1D-9A464642C5E0}.Release|Any CPU.Build.0 = Release|Any CPU
	EndGlobalSection
	GlobalSection(SolutionProperties) = preSolution
		HideSolutionNode = FALSE
	EndGlobalSection
	GlobalSection(ExtensibilityGlobals) = postSolution
		SolutionGuid = {84CF5699-BB2D-4410-B7AE-471F9F6FE5A5}
	EndGlobalSection
EndGlobal
